# THIS IS AN AUTOGENERATED FILE. DO NOT EDIT THIS FILE DIRECTLY.
# yarn lockfile v1


vee-validate@^2.2.0:
  version "2.2.0"
  resolved "https://registry.yarnpkg.com/vee-validate/-/vee-validate-2.2.0.tgz#0dcb6251a50cde9a3a1e924c917cc3d0a543b661"
  integrity sha512-s72VQcl1DWTNQKQyHtUDcU536dIx/GYDnCObDj4AXDZtWnqM3rXbgp7FCT3D2q9HFKw7IykW9bVrClhPBeQnrw==
